
Microsoft Visual Studio Solution File, Format Version 12.00
# Visual Studio Version 17
VisualStudioVersion = 17.1.32228.430
MinimumVisualStudioVersion = 10.0.40219.1
Project("{FAE04EC0-301F-11D3-BF4B-00C04F79EFBC}") = "FirstProject", "FirstProject\FirstProject.csproj", "{127FCA7E-D8CC-4486-9AAC-29D48C5CFBD3}"
EndProject
Global
	GlobalSection(SolutionConfigurationPlatforms) = preSolution
		Debug|Any CPU = Debug|Any CPU
		Release|Any CPU = Release|Any CPU
	EndGlobalSection
	GlobalSection(ProjectConfigurationPlatforms) = postSolution
		{127FCA7E-D8CC-4486-9AAC-29D48C5CFBD3}.Debug|Any CPU.ActiveCfg = Debug|Any CPU
		{127FCA7E-D8CC-4486-9AAC-29D48C5CFBD3}.Debug|Any CPU.Build.0 = Debug|Any CPU
		{127FCA7E-D8CC-4486-9AAC-29D48C5CFBD3}.Release|Any CPU.ActiveCfg = Release|Any CPU
		{127FCA7E-D8CC-4486-9AAC-29D48C5CFBD3}.Release|Any CPU.Build.0 = Release|Any CPU
	EndGlobalSection
	GlobalSection(SolutionProperties) = preSolution
		HideSolutionNode = FALSE
	EndGlobalSection
	GlobalSection(ExtensibilityGlobals) = postSolution
		SolutionGuid = {1E23513E-0F6E-48F7-AD93-BBB8B63E216A}
	EndGlobalSection
EndGlobal
