
Microsoft Visual Studio Solution File, Format Version 12.00
# Visual Studio Version 17
VisualStudioVersion = 17.1.32228.430
MinimumVisualStudioVersion = 10.0.40219.1
Project("{FAE04EC0-301F-11D3-BF4B-00C04F79EFBC}") = "01.TilesDestroyer", "01.TilesDestroyer\01.TilesDestroyer.csproj", "{78F3B776-8D5E-4C5F-A859-5D201DB34DEF}"
EndProject
Project("{FAE04EC0-301F-11D3-BF4B-00C04F79EFBC}") = "02.WallDestroyer", "02.WallDestroyer\02.WallDestroyer.csproj", "{6BFF9680-F2BF-4A4C-910E-785ED9A16771}"
EndProject
Project("{FAE04EC0-301F-11D3-BF4B-00C04F79EFBC}") = "03.Renovators", "03.Renovators\03.Renovators.csproj", "{100E3685-8792-4C35-8AA6-029A095498B7}"
EndProject
Global
	GlobalSection(SolutionConfigurationPlatforms) = preSolution
		Debug|Any CPU = Debug|Any CPU
		Release|Any CPU = Release|Any CPU
	EndGlobalSection
	GlobalSection(ProjectConfigurationPlatforms) = postSolution
		{78F3B776-8D5E-4C5F-A859-5D201DB34DEF}.Debug|Any CPU.ActiveCfg = Debug|Any CPU
		{78F3B776-8D5E-4C5F-A859-5D201DB34DEF}.Debug|Any CPU.Build.0 = Debug|Any CPU
		{78F3B776-8D5E-4C5F-A859-5D201DB34DEF}.Release|Any CPU.ActiveCfg = Release|Any CPU
		{78F3B776-8D5E-4C5F-A859-5D201DB34DEF}.Release|Any CPU.Build.0 = Release|Any CPU
		{6BFF9680-F2BF-4A4C-910E-785ED9A16771}.Debug|Any CPU.ActiveCfg = Debug|Any CPU
		{6BFF9680-F2BF-4A4C-910E-785ED9A16771}.Debug|Any CPU.Build.0 = Debug|Any CPU
		{6BFF9680-F2BF-4A4C-910E-785ED9A16771}.Release|Any CPU.ActiveCfg = Release|Any CPU
		{6BFF9680-F2BF-4A4C-910E-785ED9A16771}.Release|Any CPU.Build.0 = Release|Any CPU
		{100E3685-8792-4C35-8AA6-029A095498B7}.Debug|Any CPU.ActiveCfg = Debug|Any CPU
		{100E3685-8792-4C35-8AA6-029A095498B7}.Debug|Any CPU.Build.0 = Debug|Any CPU
		{100E3685-8792-4C35-8AA6-029A095498B7}.Release|Any CPU.ActiveCfg = Release|Any CPU
		{100E3685-8792-4C35-8AA6-029A095498B7}.Release|Any CPU.Build.0 = Release|Any CPU
	EndGlobalSection
	GlobalSection(SolutionProperties) = preSolution
		HideSolutionNode = FALSE
	EndGlobalSection
	GlobalSection(ExtensibilityGlobals) = postSolution
		SolutionGuid = {E7789282-FC7E-4BCD-9137-F078737E111C}
	EndGlobalSection
EndGlobal
